
Microsoft Visual Studio Solution File, Format Version 12.00
# Visual Studio Version 17
VisualStudioVersion = 17.1.32328.378
MinimumVisualStudioVersion = 10.0.40219.1
Project("{9A19103F-16F7-4668-BE54-9A1E7A4F7556}") = "PROJBP.UI", "PROJBP.UI\PROJBP.UI.csproj", "{DB25C7B7-A6C4-4C35-93F8-2E4007638711}"
EndProject
Project("{9A19103F-16F7-4668-BE54-9A1E7A4F7556}") = "PROJBP.Service", "PROJBP.Service\PROJBP.Service.csproj", "{046FB7E8-EF6F-441F-BA70-937512C239F0}"
EndProject
Project("{9A19103F-16F7-4668-BE54-9A1E7A4F7556}") = "PROJBP.Model", "PROJBP.Model\PROJBP.Model.csproj", "{898B355C-A109-4CCE-BA45-E9405E7443DF}"
EndProject
Global
	GlobalSection(SolutionConfigurationPlatforms) = preSolution
		Debug|Any CPU = Debug|Any CPU
		Release|Any CPU = Release|Any CPU
	EndGlobalSection
	GlobalSection(ProjectConfigurationPlatforms) = postSolution
		{DB25C7B7-A6C4-4C35-93F8-2E4007638711}.Debug|Any CPU.ActiveCfg = Debug|Any CPU
		{DB25C7B7-A6C4-4C35-93F8-2E4007638711}.Debug|Any CPU.Build.0 = Debug|Any CPU
		{DB25C7B7-A6C4-4C35-93F8-2E4007638711}.Release|Any CPU.ActiveCfg = Release|Any CPU
		{DB25C7B7-A6C4-4C35-93F8-2E4007638711}.Release|Any CPU.Build.0 = Release|Any CPU
		{046FB7E8-EF6F-441F-BA70-937512C239F0}.Debug|Any CPU.ActiveCfg = Debug|Any CPU
		{046FB7E8-EF6F-441F-BA70-937512C239F0}.Debug|Any CPU.Build.0 = Debug|Any CPU
		{046FB7E8-EF6F-441F-BA70-937512C239F0}.Release|Any CPU.ActiveCfg = Release|Any CPU
		{046FB7E8-EF6F-441F-BA70-937512C239F0}.Release|Any CPU.Build.0 = Release|Any CPU
		{898B355C-A109-4CCE-BA45-E9405E7443DF}.Debug|Any CPU.ActiveCfg = Debug|Any CPU
		{898B355C-A109-4CCE-BA45-E9405E7443DF}.Debug|Any CPU.Build.0 = Debug|Any CPU
		{898B355C-A109-4CCE-BA45-E9405E7443DF}.Release|Any CPU.ActiveCfg = Release|Any CPU
		{898B355C-A109-4CCE-BA45-E9405E7443DF}.Release|Any CPU.Build.0 = Release|Any CPU
	EndGlobalSection
	GlobalSection(SolutionProperties) = preSolution
		HideSolutionNode = FALSE
	EndGlobalSection
	GlobalSection(ExtensibilityGlobals) = postSolution
		SolutionGuid = {20B15B91-F2FC-4E11-A32F-1EB65B5C7EB7}
	EndGlobalSection
EndGlobal
